// !$*UTF8*$!
{
	archiveVersion = 1;
	classes = {
	};
	objectVersion = 46;
	objects = {

/* Begin PBXBuildFile section */
		BC1A648D1C3859EC00D16934 /* PeripheralCell.swift in Sources */ = {isa = PBXBuildFile; fileRef = BC1A648C1C3859EC00D16934 /* PeripheralCell.swift */; };
		BC2D84751C3F8C5200CD874E /* CharacteristicVC.swift in Sources */ = {isa = PBXBuildFile; fileRef = BC2D84741C3F8C5200CD874E /* CharacteristicVC.swift */; };
		BC50E34E1C39724700688A2E /* ServiceTableVC.swift in Sources */ = {isa = PBXBuildFile; fileRef = BC50E34D1C39724700688A2E /* ServiceTableVC.swift */; };
		BC78B1321C34441B0050C2F3 /* AppDelegate.swift in Sources */ = {isa = PBXBuildFile; fileRef = BC78B1311C34441B0050C2F3 /* AppDelegate.swift */; };
		BC78B1371C34441B0050C2F3 /* Main.storyboard in Resources */ = {isa = PBXBuildFile; fileRef = BC78B1351C34441B0050C2F3 /* Main.storyboard */; };
		BC78B1391C34441B0050C2F3 /* Assets.xcassets in Resources */ = {isa = PBXBuildFile; fileRef = BC78B1381C34441B0050C2F3 /* Assets.xcassets */; };
		BC78B13C1C34441B0050C2F3 /* LaunchScreen.storyboard in Resources */ = {isa = PBXBuildFile; fileRef = BC78B13A1C34441B0050C2F3 /* LaunchScreen.storyboard */; };
		BC78B1441C3522890050C2F3 /* PeripheralTableVC.swift in Sources */ = {isa = PBXBuildFile; fileRef = BC78B1431C3522890050C2F3 /* PeripheralTableVC.swift */; };
		BCFDE4651C3DEA7300B1D6EC /* CharacteristicTableVC.swift in Sources */ = {isa = PBXBuildFile; fileRef = BCFDE4641C3DEA7300B1D6EC /* CharacteristicTableVC.swift */; };
/* End PBXBuildFile section */

/* Begin PBXFileReference section */
		BC1A648C1C3859EC00D16934 /* PeripheralCell.swift */ = {isa = PBXFileReference; fileEncoding = 4; lastKnownFileType = sourcecode.swift; path = PeripheralCell.swift; sourceTree = "<group>"; };
		BC2D84741C3F8C5200CD874E /* CharacteristicVC.swift */ = {isa = PBXFileReference; fileEncoding = 4; lastKnownFileType = sourcecode.swift; path = CharacteristicVC.swift; sourceTree = "<group>"; };
		BC50E34D1C39724700688A2E /* ServiceTableVC.swift */ = {isa = PBXFileReference; fileEncoding = 4; lastKnownFileType = sourcecode.swift; path = ServiceTableVC.swift; sourceTree = "<group>"; };
		BC78B12E1C34441B0050C2F3 /* BLE Scanner.app */ = {isa = PBXFileReference; explicitFileType = wrapper.application; includeInIndex = 0; path = "BLE Scanner.app"; sourceTree = BUILT_PRODUCTS_DIR; };
		BC78B1311C34441B0050C2F3 /* AppDelegate.swift */ = {isa = PBXFileReference; lastKnownFileType = sourcecode.swift; path = AppDelegate.swift; sourceTree = "<group>"; };
		BC78B1361C34441B0050C2F3 /* Base */ = {isa = PBXFileReference; lastKnownFileType = file.storyboard; name = Base; path = Base.lproj/Main.storyboard; sourceTree = "<group>"; };
		BC78B1381C34441B0050C2F3 /* Assets.xcassets */ = {isa = PBXFileReference; lastKnownFileType = folder.assetcatalog; path = Assets.xcassets; sourceTree = "<group>"; };
		BC78B13B1C34441B0050C2F3 /* Base */ = {isa = PBXFileReference; lastKnownFileType = file.storyboard; name = Base; path = Base.lproj/LaunchScreen.storyboard; sourceTree = "<group>"; };
		BC78B13D1C34441B0050C2F3 /* Info.plist */ = {isa = PBXFileReference; lastKnownFileType = text.plist.xml; path = Info.plist; sourceTree = "<group>"; };
		BC78B1431C3522890050C2F3 /* PeripheralTableVC.swift */ = {isa = PBXFileReference; fileEncoding = 4; lastKnownFileType = sourcecode.swift; path = PeripheralTableVC.swift; sourceTree = "<group>"; };
		BCFDE4641C3DEA7300B1D6EC /* CharacteristicTableVC.swift */ = {isa = PBXFileReference; fileEncoding = 4; lastKnownFileType = sourcecode.swift; path = CharacteristicTableVC.swift; sourceTree = "<group>"; };
/* End PBXFileReference section */

/* Begin PBXFrameworksBuildPhase section */
		BC78B12B1C34441B0050C2F3 /* Frameworks */ = {
			isa = PBXFrameworksBuildPhase;
			buildActionMask = 2147483647;
			files = (
			);
			runOnlyForDeploymentPostprocessing = 0;
		};
/* End PBXFrameworksBuildPhase section */

/* Begin PBXGroup section */
		BC78B1251C34441B0050C2F3 = {
			isa = PBXGroup;
			children = (
				BC78B1301C34441B0050C2F3 /* BLE Scanner */,
				BC78B12F1C34441B0050C2F3 /* Products */,
			);
			sourceTree = "<group>";
		};
		BC78B12F1C34441B0050C2F3 /* Products */ = {
			isa = PBXGroup;
			children = (
				BC78B12E1C34441B0050C2F3 /* BLE Scanner.app */,
			);
			name = Products;
			sourceTree = "<group>";
		};
		BC78B1301C34441B0050C2F3 /* BLE Scanner */ = {
			isa = PBXGroup;
			children = (
				BC78B1431C3522890050C2F3 /* PeripheralTableVC.swift */,
				BC50E34D1C39724700688A2E /* ServiceTableVC.swift */,
				BCFDE4641C3DEA7300B1D6EC /* CharacteristicTableVC.swift */,
				BC2D84741C3F8C5200CD874E /* CharacteristicVC.swift */,
				BC78B1351C34441B0050C2F3 /* Main.storyboard */,
				BC1A648C1C3859EC00D16934 /* PeripheralCell.swift */,
				BC78B1451C3522920050C2F3 /* others */,
			);
			path = "BLE Scanner";
			sourceTree = "<group>";
		};
		BC78B1451C3522920050C2F3 /* others */ = {
			isa = PBXGroup;
			children = (
				BC78B1311C34441B0050C2F3 /* AppDelegate.swift */,
				BC78B1381C34441B0050C2F3 /* Assets.xcassets */,
				BC78B13A1C34441B0050C2F3 /* LaunchScreen.storyboard */,
				BC78B13D1C34441B0050C2F3 /* Info.plist */,
			);
			name = others;
			sourceTree = "<group>";
		};
/* End PBXGroup section */

/* Begin PBXNativeTarget section */
		BC78B12D1C34441B0050C2F3 /* BLE Scanner */ = {
			isa = PBXNativeTarget;
			buildConfigurationList = BC78B1401C34441B0050C2F3 /* Build configuration list for PBXNativeTarget "BLE Scanner" */;
			buildPhases = (
				BC78B12A1C34441B0050C2F3 /* Sources */,
				BC78B12B1C34441B0050C2F3 /* Frameworks */,
				BC78B12C1C34441B0050C2F3 /* Resources */,
			);
			buildRules = (
			);
			dependencies = (
			);
			name = "BLE Scanner";
			productName = "BLE Scanner";
			productReference = BC78B12E1C34441B0050C2F3 /* BLE Scanner.app */;
			productType = "com.apple.product-type.application";
		};
/* End PBXNativeTarget section */

/* Begin PBXProject section */
		BC78B1261C34441B0050C2F3 /* Project object */ = {
			isa = PBXProject;
			attributes = {
				LastSwiftUpdateCheck = 0720;
				LastUpgradeCheck = 0720;
				ORGANIZATIONNAME = "Руслан Ольховка";
				TargetAttributes = {
					BC78B12D1C34441B0050C2F3 = {
						CreatedOnToolsVersion = 7.2;
					};
				};
			};
			buildConfigurationList = BC78B1291C34441B0050C2F3 /* Build configuration list for PBXProject "BLE Scanner" */;
			compatibilityVersion = "Xcode 3.2";
			developmentRegion = English;
			hasScannedForEncodings = 0;
			knownRegions = (
				en,
				Base,
			);
			mainGroup = BC78B1251C34441B0050C2F3;
			productRefGroup = BC78B12F1C34441B0050C2F3 /* Products */;
			projectDirPath = "";
			projectRoot = "";
			targets = (
				BC78B12D1C34441B0050C2F3 /* BLE Scanner */,
			);
		};
/* End PBXProject section */

/* Begin PBXResourcesBuildPhase section */
		BC78B12C1C34441B0050C2F3 /* Resources */ = {
			isa = PBXResourcesBuildPhase;
			buildActionMask = 2147483647;
			files = (
				BC78B13C1C34441B0050C2F3 /* LaunchScreen.storyboard in Resources */,
				BC78B1391C34441B0050C2F3 /* Assets.xcassets in Resources */,
				BC78B1371C34441B0050C2F3 /* Main.storyboard in Resources */,
			);
			runOnlyForDeploymentPostprocessing = 0;
		};
/* End PBXResourcesBuildPhase section */

/* Begin PBXSourcesBuildPhase section */
		BC78B12A1C34441B0050C2F3 /* Sources */ = {
			isa = PBXSourcesBuildPhase;
			buildActionMask = 2147483647;
			files = (
				BC78B1321C34441B0050C2F3 /* AppDelegate.swift in Sources */,
				BC50E34E1C39724700688A2E /* ServiceTableVC.swift in Sources */,
				BCFDE4651C3DEA7300B1D6EC /* CharacteristicTableVC.swift in Sources */,
				BC1A648D1C3859EC00D16934 /* PeripheralCell.swift in Sources */,
				BC78B1441C3522890050C2F3 /* PeripheralTableVC.swift in Sources */,
				BC2D84751C3F8C5200CD874E /* CharacteristicVC.swift in Sources */,
			);
			runOnlyForDeploymentPostprocessing = 0;
		};
/* End PBXSourcesBuildPhase section */

/* Begin PBXVariantGroup section */
		BC78B1351C34441B0050C2F3 /* Main.storyboard */ = {
			isa = PBXVariantGroup;
			children = (
				BC78B1361C34441B0050C2F3 /* Base */,
			);
			name = Main.storyboard;
			sourceTree = "<group>";
		};
		BC78B13A1C34441B0050C2F3 /* LaunchScreen.storyboard */ = {
			isa = PBXVariantGroup;
			children = (
				BC78B13B1C34441B0050C2F3 /* Base */,
			);
			name = LaunchScreen.storyboard;
			sourceTree = "<group>";
		};
/* End PBXVariantGroup section */

/* Begin XCBuildConfiguration section */
		BC78B13E1C34441B0050C2F3 /* Debug */ = {
			isa = XCBuildConfiguration;
			buildSettings = {
				ALWAYS_SEARCH_USER_PATHS = NO;
				CLANG_CXX_LANGUAGE_STANDARD = "gnu++0x";
				CLANG_CXX_LIBRARY = "libc++";
				CLANG_ENABLE_MODULES = YES;
				CLANG_ENABLE_OBJC_ARC = YES;
				CLANG_WARN_BOOL_CONVERSION = YES;
				CLANG_WARN_CONSTANT_CONVERSION = YES;
				CLANG_WARN_DIRECT_OBJC_ISA_USAGE = YES_ERROR;
				CLANG_WARN_EMPTY_BODY = YES;
				CLANG_WARN_ENUM_CONVERSION = YES;
				CLANG_WARN_INT_CONVERSION = YES;
				CLANG_WARN_OBJC_ROOT_CLASS = YES_ERROR;
				CLANG_WARN_UNREACHABLE_CODE = YES;
				CLANG_WARN__DUPLICATE_METHOD_MATCH = YES;
				"CODE_SIGN_IDENTITY[sdk=iphoneos*]" = "iPhone Developer";
				COPY_PHASE_STRIP = NO;
				DEBUG_INFORMATION_FORMAT = dwarf;
				ENABLE_STRICT_OBJC_MSGSEND = YES;
				ENABLE_TESTABILITY = YES;
				GCC_C_LANGUAGE_STANDARD = gnu99;
				GCC_DYNAMIC_NO_PIC = NO;
				GCC_NO_COMMON_BLOCKS = YES;
				GCC_OPTIMIZATION_LEVEL = 0;
				GCC_PREPROCESSOR_DEFINITIONS = (
					"DEBUG=1",
					"$(inherited)",
				);
				GCC_WARN_64_TO_32_BIT_CONVERSION = YES;
				GCC_WARN_ABOUT_RETURN_TYPE = YES_ERROR;
				GCC_WARN_UNDECLARED_SELECTOR = YES;
				GCC_WARN_UNINITIALIZED_AUTOS = YES_AGGRESSIVE;
				GCC_WARN_UNUSED_FUNCTION = YES;
				GCC_WARN_UNUSED_VARIABLE = YES;
				IPHONEOS_DEPLOYMENT_TARGET = 9.2;
				MTL_ENABLE_DEBUG_INFO = YES;
				ONLY_ACTIVE_ARCH = YES;
				SDKROOT = iphoneos;
				SWIFT_OPTIMIZATION_LEVEL = "-Onone";
			};
			name = Debug;
		};
		BC78B13F1C34441B0050C2F3 /* Release */ = {
			isa = XCBuildConfiguration;
			buildSettings = {
				ALWAYS_SEARCH_USER_PATHS = NO;
				CLANG_CXX_LANGUAGE_STANDARD = "gnu++0x";
				CLANG_CXX_LIBRARY = "libc++";
				CLANG_ENABLE_MODULES = YES;
				CLANG_ENABLE_OBJC_ARC = YES;
				CLANG_WARN_BOOL_CONVERSION = YES;
				CLANG_WARN_CONSTANT_CONVERSION = YES;
				CLANG_WARN_DIRECT_OBJC_ISA_USAGE = YES_ERROR;
				CLANG_WARN_EMPTY_BODY = YES;
				CLANG_WARN_ENUM_CONVERSION = YES;
				CLANG_WARN_INT_CONVERSION = YES;
				CLANG_WARN_OBJC_ROOT_CLASS = YES_ERROR;
				CLANG_WARN_UNREACHABLE_CODE = YES;
				CLANG_WARN__DUPLICATE_METHOD_MATCH = YES;
				"CODE_SIGN_IDENTITY[sdk=iphoneos*]" = "iPhone Developer";
				COPY_PHASE_STRIP = NO;
				DEBUG_INFORMATION_FORMAT = "dwarf-with-dsym";
				ENABLE_NS_ASSERTIONS = NO;
				ENABLE_STRICT_OBJC_MSGSEND = YES;
				GCC_C_LANGUAGE_STANDARD = gnu99;
				GCC_NO_COMMON_BLOCKS = YES;
				GCC_WARN_64_TO_32_BIT_CONVERSION = YES;
				GCC_WARN_ABOUT_RETURN_TYPE = YES_ERROR;
				GCC_WARN_UNDECLARED_SELECTOR = YES;
				GCC_WARN_UNINITIALIZED_AUTOS = YES_AGGRESSIVE;
				GCC_WARN_UNUSED_FUNCTION = YES;
				GCC_WARN_UNUSED_VARIABLE = YES;
				IPHONEOS_DEPLOYMENT_TARGET = 9.2;
				MTL_ENABLE_DEBUG_INFO = NO;
				SDKROOT = iphoneos;
				VALIDATE_PRODUCT = YES;
			};
			name = Release;
		};
		BC78B1411C34441B0050C2F3 /* Debug */ = {
			isa = XCBuildConfiguration;
			buildSettings = {
				ASSETCATALOG_COMPILER_APPICON_NAME = AppIcon;
				CODE_SIGN_IDENTITY = "iPhone Developer";
				INFOPLIST_FILE = "BLE Scanner/Info.plist";
				IPHONEOS_DEPLOYMENT_TARGET = 7.0;
				LD_RUNPATH_SEARCH_PATHS = "$(inherited) @executable_path/Frameworks";
				PRODUCT_BUNDLE_IDENTIFIER = "com.orakull.BLE-Scanner";
				PRODUCT_NAME = "$(TARGET_NAME)";
			};
			name = Debug;
		};
		BC78B1421C34441B0050C2F3 /* Release */ = {
			isa = XCBuildConfiguration;
			buildSettings = {
				ASSETCATALOG_COMPILER_APPICON_NAME = AppIcon;
				CODE_SIGN_IDENTITY = "iPhone Developer";
				INFOPLIST_FILE = "BLE Scanner/Info.plist";
				IPHONEOS_DEPLOYMENT_TARGET = 7.0;
				LD_RUNPATH_SEARCH_PATHS = "$(inherited) @executable_path/Frameworks";
				PRODUCT_BUNDLE_IDENTIFIER = "com.orakull.BLE-Scanner";
				PRODUCT_NAME = "$(TARGET_NAME)";
			};
			name = Release;
		};
/* End XCBuildConfiguration section */

/* Begin XCConfigurationList section */
		BC78B1291C34441B0050C2F3 /* Build configuration list for PBXProject "BLE Scanner" */ = {
			isa = XCConfigurationList;
			buildConfigurations = (
				BC78B13E1C34441B0050C2F3 /* Debug */,
				BC78B13F1C34441B0050C2F3 /* Release */,
			);
			defaultConfigurationIsVisible = 0;
			defaultConfigurationName = Release;
		};
		BC78B1401C34441B0050C2F3 /* Build configuration list for PBXNativeTarget "BLE Scanner" */ = {
			isa = XCConfigurationList;
			buildConfigurations = (
				BC78B1411C34441B0050C2F3 /* Debug */,
				BC78B1421C34441B0050C2F3 /* Release */,
			);
			defaultConfigurationIsVisible = 0;
			defaultConfigurationName = Release;
		};
/* End XCConfigurationList section */
	};
	rootObject = BC78B1261C34441B0050C2F3 /* Project object */;
}
